
Microsoft Visual Studio Solution File, Format Version 12.00
# Visual Studio Version 16
VisualStudioVersion = 16.0.31702.278
MinimumVisualStudioVersion = 10.0.40219.1
Project("{9A19103F-16F7-4668-BE54-9A1E7A4F7556}") = "MUD", "Engine\MUD.csproj", "{967BBCAC-45DE-4DAB-97AD-4B8CFAE1AAD7}"
EndProject
Project("{FAE04EC0-301F-11D3-BF4B-00C04F79EFBC}") = "Mud.Game", "Game\Mud.Game.csproj", "{81CE6E11-BFA2-4FD1-94CB-1ED24FB1E2B9}"
EndProject
Global
	GlobalSection(SolutionConfigurationPlatforms) = preSolution
		Debug|Any CPU = Debug|Any CPU
		Release|Any CPU = Release|Any CPU
	EndGlobalSection
	GlobalSection(ProjectConfigurationPlatforms) = postSolution
		{967BBCAC-45DE-4DAB-97AD-4B8CFAE1AAD7}.Debug|Any CPU.ActiveCfg = Debug|Any CPU
		{967BBCAC-45DE-4DAB-97AD-4B8CFAE1AAD7}.Debug|Any CPU.Build.0 = Debug|Any CPU
		{967BBCAC-45DE-4DAB-97AD-4B8CFAE1AAD7}.Release|Any CPU.ActiveCfg = Release|Any CPU
		{967BBCAC-45DE-4DAB-97AD-4B8CFAE1AAD7}.Release|Any CPU.Build.0 = Release|Any CPU
		{81CE6E11-BFA2-4FD1-94CB-1ED24FB1E2B9}.Debug|Any CPU.ActiveCfg = Debug|Any CPU
		{81CE6E11-BFA2-4FD1-94CB-1ED24FB1E2B9}.Debug|Any CPU.Build.0 = Debug|Any CPU
		{81CE6E11-BFA2-4FD1-94CB-1ED24FB1E2B9}.Release|Any CPU.ActiveCfg = Release|Any CPU
		{81CE6E11-BFA2-4FD1-94CB-1ED24FB1E2B9}.Release|Any CPU.Build.0 = Release|Any CPU
	EndGlobalSection
	GlobalSection(SolutionProperties) = preSolution
		HideSolutionNode = FALSE
	EndGlobalSection
	GlobalSection(ExtensibilityGlobals) = postSolution
		SolutionGuid = {DC3487C4-270E-4710-8B01-DB3AAE711E30}
	EndGlobalSection
EndGlobal
